
Microsoft Visual Studio Solution File, Format Version 12.00
# Visual Studio Version 16
VisualStudioVersion = 16.0.29920.165
MinimumVisualStudioVersion = 10.0.40219.1
Project("{FAE04EC0-301F-11D3-BF4B-00C04F79EFBC}") = "MoltenTrustLtd", "MoltenTrustLtd\MoltenTrustLtd.csproj", "{0D835829-C367-43F9-A2B6-482D153DE4C4}"
EndProject
Global
	GlobalSection(SolutionConfigurationPlatforms) = preSolution
		Debug|Any CPU = Debug|Any CPU
		Release|Any CPU = Release|Any CPU
	EndGlobalSection
	GlobalSection(ProjectConfigurationPlatforms) = postSolution
		{0D835829-C367-43F9-A2B6-482D153DE4C4}.Debug|Any CPU.ActiveCfg = Debug|Any CPU
		{0D835829-C367-43F9-A2B6-482D153DE4C4}.Debug|Any CPU.Build.0 = Debug|Any CPU
		{0D835829-C367-43F9-A2B6-482D153DE4C4}.Release|Any CPU.ActiveCfg = Release|Any CPU
		{0D835829-C367-43F9-A2B6-482D153DE4C4}.Release|Any CPU.Build.0 = Release|Any CPU
	EndGlobalSection
	GlobalSection(SolutionProperties) = preSolution
		HideSolutionNode = FALSE
	EndGlobalSection
	GlobalSection(ExtensibilityGlobals) = postSolution
		SolutionGuid = {239A2127-D764-43F6-AD84-8E3C79F3D828}
	EndGlobalSection
EndGlobal
